// !$*UTF8*$!
{
	archiveVersion = 1;
	classes = {
	};
	objectVersion = 56;
	objects = {

/* Begin PBXBuildFile section */
		314CAFE82BEEADE90006A685 /* MapView.swift in Sources */ = {isa = PBXBuildFile; fileRef = 314CAFE72BEEADE90006A685 /* MapView.swift */; };
		31945D792BE3680900689F3A /* WeatherAppApp.swift in Sources */ = {isa = PBXBuildFile; fileRef = 31945D782BE3680900689F3A /* WeatherAppApp.swift */; };
		31945D7B2BE3680900689F3A /* ContentView.swift in Sources */ = {isa = PBXBuildFile; fileRef = 31945D7A2BE3680900689F3A /* ContentView.swift */; };
		31945D7D2BE3680A00689F3A /* Assets.xcassets in Resources */ = {isa = PBXBuildFile; fileRef = 31945D7C2BE3680A00689F3A /* Assets.xcassets */; };
		31945D802BE3680A00689F3A /* Preview Assets.xcassets in Resources */ = {isa = PBXBuildFile; fileRef = 31945D7F2BE3680A00689F3A /* Preview Assets.xcassets */; };
		31945D882BE38B2400689F3A /* LocationManager.swift in Sources */ = {isa = PBXBuildFile; fileRef = 31945D872BE38B2400689F3A /* LocationManager.swift */; };
		31945D8B2BE38C4500689F3A /* HomeView.swift in Sources */ = {isa = PBXBuildFile; fileRef = 31945D8A2BE38C4500689F3A /* HomeView.swift */; };
		31945D8D2BE38C6600689F3A /* WelcomeView.swift in Sources */ = {isa = PBXBuildFile; fileRef = 31945D8C2BE38C6600689F3A /* WelcomeView.swift */; };
		31945D8F2BE3CC8100689F3A /* WeatherManager.swift in Sources */ = {isa = PBXBuildFile; fileRef = 31945D8E2BE3CC8100689F3A /* WeatherManager.swift */; };
		31945D912BE3DD0300689F3A /* WeatherView.swift in Sources */ = {isa = PBXBuildFile; fileRef = 31945D902BE3DD0300689F3A /* WeatherView.swift */; };
		31945D942BE3DD5A00689F3A /* Double+Extensions.swift in Sources */ = {isa = PBXBuildFile; fileRef = 31945D932BE3DD5A00689F3A /* Double+Extensions.swift */; };
		31945D962BE3DEBD00689F3A /* CardView.swift in Sources */ = {isa = PBXBuildFile; fileRef = 31945D952BE3DEBD00689F3A /* CardView.swift */; };
/* End PBXBuildFile section */

/* Begin PBXFileReference section */
		314CAFE72BEEADE90006A685 /* MapView.swift */ = {isa = PBXFileReference; lastKnownFileType = sourcecode.swift; path = MapView.swift; sourceTree = "<group>"; };
		31945D752BE3680900689F3A /* WeatherApp.app */ = {isa = PBXFileReference; explicitFileType = wrapper.application; includeInIndex = 0; path = WeatherApp.app; sourceTree = BUILT_PRODUCTS_DIR; };
		31945D782BE3680900689F3A /* WeatherAppApp.swift */ = {isa = PBXFileReference; lastKnownFileType = sourcecode.swift; path = WeatherAppApp.swift; sourceTree = "<group>"; };
		31945D7A2BE3680900689F3A /* ContentView.swift */ = {isa = PBXFileReference; lastKnownFileType = sourcecode.swift; path = ContentView.swift; sourceTree = "<group>"; };
		31945D7C2BE3680A00689F3A /* Assets.xcassets */ = {isa = PBXFileReference; lastKnownFileType = folder.assetcatalog; path = Assets.xcassets; sourceTree = "<group>"; };
		31945D7F2BE3680A00689F3A /* Preview Assets.xcassets */ = {isa = PBXFileReference; lastKnownFileType = folder.assetcatalog; path = "Preview Assets.xcassets"; sourceTree = "<group>"; };
		31945D872BE38B2400689F3A /* LocationManager.swift */ = {isa = PBXFileReference; lastKnownFileType = sourcecode.swift; path = LocationManager.swift; sourceTree = "<group>"; };
		31945D8A2BE38C4500689F3A /* HomeView.swift */ = {isa = PBXFileReference; lastKnownFileType = sourcecode.swift; path = HomeView.swift; sourceTree = "<group>"; };
		31945D8C2BE38C6600689F3A /* WelcomeView.swift */ = {isa = PBXFileReference; lastKnownFileType = sourcecode.swift; path = WelcomeView.swift; sourceTree = "<group>"; };
		31945D8E2BE3CC8100689F3A /* WeatherManager.swift */ = {isa = PBXFileReference; lastKnownFileType = sourcecode.swift; path = WeatherManager.swift; sourceTree = "<group>"; };
		31945D902BE3DD0300689F3A /* WeatherView.swift */ = {isa = PBXFileReference; lastKnownFileType = sourcecode.swift; path = WeatherView.swift; sourceTree = "<group>"; };
		31945D932BE3DD5A00689F3A /* Double+Extensions.swift */ = {isa = PBXFileReference; lastKnownFileType = sourcecode.swift; path = "Double+Extensions.swift"; sourceTree = "<group>"; };
		31945D952BE3DEBD00689F3A /* CardView.swift */ = {isa = PBXFileReference; lastKnownFileType = sourcecode.swift; path = CardView.swift; sourceTree = "<group>"; };
/* End PBXFileReference section */

/* Begin PBXFrameworksBuildPhase section */
		31945D722BE3680900689F3A /* Frameworks */ = {
			isa = PBXFrameworksBuildPhase;
			buildActionMask = 2147483647;
			files = (
			);
			runOnlyForDeploymentPostprocessing = 0;
		};
/* End PBXFrameworksBuildPhase section */

/* Begin PBXGroup section */
		31945D6C2BE3680900689F3A = {
			isa = PBXGroup;
			children = (
				31945D772BE3680900689F3A /* WeatherApp */,
				31945D762BE3680900689F3A /* Products */,
			);
			sourceTree = "<group>";
		};
		31945D762BE3680900689F3A /* Products */ = {
			isa = PBXGroup;
			children = (
				31945D752BE3680900689F3A /* WeatherApp.app */,
			);
			name = Products;
			sourceTree = "<group>";
		};
		31945D772BE3680900689F3A /* WeatherApp */ = {
			isa = PBXGroup;
			children = (
				31945D922BE3DD4800689F3A /* Helpers */,
				31945D892BE38C0000689F3A /* Views */,
				31945D862BE3681B00689F3A /* Managers */,
				31945D782BE3680900689F3A /* WeatherAppApp.swift */,
				31945D7A2BE3680900689F3A /* ContentView.swift */,
				31945D7C2BE3680A00689F3A /* Assets.xcassets */,
				31945D7E2BE3680A00689F3A /* Preview Content */,
			);
			path = WeatherApp;
			sourceTree = "<group>";
		};
		31945D7E2BE3680A00689F3A /* Preview Content */ = {
			isa = PBXGroup;
			children = (
				31945D7F2BE3680A00689F3A /* Preview Assets.xcassets */,
			);
			path = "Preview Content";
			sourceTree = "<group>";
		};
		31945D862BE3681B00689F3A /* Managers */ = {
			isa = PBXGroup;
			children = (
				31945D872BE38B2400689F3A /* LocationManager.swift */,
				31945D8E2BE3CC8100689F3A /* WeatherManager.swift */,
			);
			path = Managers;
			sourceTree = "<group>";
		};
		31945D892BE38C0000689F3A /* Views */ = {
			isa = PBXGroup;
			children = (
				31945D8A2BE38C4500689F3A /* HomeView.swift */,
				31945D8C2BE38C6600689F3A /* WelcomeView.swift */,
				31945D902BE3DD0300689F3A /* WeatherView.swift */,
				31945D952BE3DEBD00689F3A /* CardView.swift */,
				314CAFE72BEEADE90006A685 /* MapView.swift */,
			);
			path = Views;
			sourceTree = "<group>";
		};
		31945D922BE3DD4800689F3A /* Helpers */ = {
			isa = PBXGroup;
			children = (
				31945D932BE3DD5A00689F3A /* Double+Extensions.swift */,
			);
			path = Helpers;
			sourceTree = "<group>";
		};
/* End PBXGroup section */

/* Begin PBXNativeTarget section */
		31945D742BE3680900689F3A /* WeatherApp */ = {
			isa = PBXNativeTarget;
			buildConfigurationList = 31945D832BE3680A00689F3A /* Build configuration list for PBXNativeTarget "WeatherApp" */;
			buildPhases = (
				31945D712BE3680900689F3A /* Sources */,
				31945D722BE3680900689F3A /* Frameworks */,
				31945D732BE3680900689F3A /* Resources */,
			);
			buildRules = (
			);
			dependencies = (
			);
			name = WeatherApp;
			productName = WeatherApp;
			productReference = 31945D752BE3680900689F3A /* WeatherApp.app */;
			productType = "com.apple.product-type.application";
		};
/* End PBXNativeTarget section */

/* Begin PBXProject section */
		31945D6D2BE3680900689F3A /* Project object */ = {
			isa = PBXProject;
			attributes = {
				BuildIndependentTargetsInParallel = 1;
				LastSwiftUpdateCheck = 1520;
				LastUpgradeCheck = 1520;
				TargetAttributes = {
					31945D742BE3680900689F3A = {
						CreatedOnToolsVersion = 15.2;
					};
				};
			};
			buildConfigurationList = 31945D702BE3680900689F3A /* Build configuration list for PBXProject "WeatherApp" */;
			compatibilityVersion = "Xcode 14.0";
			developmentRegion = en;
			hasScannedForEncodings = 0;
			knownRegions = (
				en,
				Base,
			);
			mainGroup = 31945D6C2BE3680900689F3A;
			productRefGroup = 31945D762BE3680900689F3A /* Products */;
			projectDirPath = "";
			projectRoot = "";
			targets = (
				31945D742BE3680900689F3A /* WeatherApp */,
			);
		};
/* End PBXProject section */

/* Begin PBXResourcesBuildPhase section */
		31945D732BE3680900689F3A /* Resources */ = {
			isa = PBXResourcesBuildPhase;
			buildActionMask = 2147483647;
			files = (
				31945D802BE3680A00689F3A /* Preview Assets.xcassets in Resources */,
				31945D7D2BE3680A00689F3A /* Assets.xcassets in Resources */,
			);
			runOnlyForDeploymentPostprocessing = 0;
		};
/* End PBXResourcesBuildPhase section */

/* Begin PBXSourcesBuildPhase section */
		31945D712BE3680900689F3A /* Sources */ = {
			isa = PBXSourcesBuildPhase;
			buildActionMask = 2147483647;
			files = (
				31945D942BE3DD5A00689F3A /* Double+Extensions.swift in Sources */,
				31945D962BE3DEBD00689F3A /* CardView.swift in Sources */,
				31945D8F2BE3CC8100689F3A /* WeatherManager.swift in Sources */,
				31945D8D2BE38C6600689F3A /* WelcomeView.swift in Sources */,
				31945D7B2BE3680900689F3A /* ContentView.swift in Sources */,
				31945D8B2BE38C4500689F3A /* HomeView.swift in Sources */,
				31945D792BE3680900689F3A /* WeatherAppApp.swift in Sources */,
				314CAFE82BEEADE90006A685 /* MapView.swift in Sources */,
				31945D912BE3DD0300689F3A /* WeatherView.swift in Sources */,
				31945D882BE38B2400689F3A /* LocationManager.swift in Sources */,
			);
			runOnlyForDeploymentPostprocessing = 0;
		};
/* End PBXSourcesBuildPhase section */

/* Begin XCBuildConfiguration section */
		31945D812BE3680A00689F3A /* Debug */ = {
			isa = XCBuildConfiguration;
			buildSettings = {
				ALWAYS_SEARCH_USER_PATHS = NO;
				ASSETCATALOG_COMPILER_GENERATE_SWIFT_ASSET_SYMBOL_EXTENSIONS = YES;
				CLANG_ANALYZER_NONNULL = YES;
				CLANG_ANALYZER_NUMBER_OBJECT_CONVERSION = YES_AGGRESSIVE;
				CLANG_CXX_LANGUAGE_STANDARD = "gnu++20";
				CLANG_ENABLE_MODULES = YES;
				CLANG_ENABLE_OBJC_ARC = YES;
				CLANG_ENABLE_OBJC_WEAK = YES;
				CLANG_WARN_BLOCK_CAPTURE_AUTORELEASING = YES;
				CLANG_WARN_BOOL_CONVERSION = YES;
				CLANG_WARN_COMMA = YES;
				CLANG_WARN_CONSTANT_CONVERSION = YES;
				CLANG_WARN_DEPRECATED_OBJC_IMPLEMENTATIONS = YES;
				CLANG_WARN_DIRECT_OBJC_ISA_USAGE = YES_ERROR;
				CLANG_WARN_DOCUMENTATION_COMMENTS = YES;
				CLANG_WARN_EMPTY_BODY = YES;
				CLANG_WARN_ENUM_CONVERSION = YES;
				CLANG_WARN_INFINITE_RECURSION = YES;
				CLANG_WARN_INT_CONVERSION = YES;
				CLANG_WARN_NON_LITERAL_NULL_CONVERSION = YES;
				CLANG_WARN_OBJC_IMPLICIT_RETAIN_SELF = YES;
				CLANG_WARN_OBJC_LITERAL_CONVERSION = YES;
				CLANG_WARN_OBJC_ROOT_CLASS = YES_ERROR;
				CLANG_WARN_QUOTED_INCLUDE_IN_FRAMEWORK_HEADER = YES;
				CLANG_WARN_RANGE_LOOP_ANALYSIS = YES;
				CLANG_WARN_STRICT_PROTOTYPES = YES;
				CLANG_WARN_SUSPICIOUS_MOVE = YES;
				CLANG_WARN_UNGUARDED_AVAILABILITY = YES_AGGRESSIVE;
				CLANG_WARN_UNREACHABLE_CODE = YES;
				CLANG_WARN__DUPLICATE_METHOD_MATCH = YES;
				COPY_PHASE_STRIP = NO;
				DEBUG_INFORMATION_FORMAT = dwarf;
				ENABLE_STRICT_OBJC_MSGSEND = YES;
				ENABLE_TESTABILITY = YES;
				ENABLE_USER_SCRIPT_SANDBOXING = YES;
				GCC_C_LANGUAGE_STANDARD = gnu17;
				GCC_DYNAMIC_NO_PIC = NO;
				GCC_NO_COMMON_BLOCKS = YES;
				GCC_OPTIMIZATION_LEVEL = 0;
				GCC_PREPROCESSOR_DEFINITIONS = (
					"DEBUG=1",
					"$(inherited)",
				);
				GCC_WARN_64_TO_32_BIT_CONVERSION = YES;
				GCC_WARN_ABOUT_RETURN_TYPE = YES_ERROR;
				GCC_WARN_UNDECLARED_SELECTOR = YES;
				GCC_WARN_UNINITIALIZED_AUTOS = YES_AGGRESSIVE;
				GCC_WARN_UNUSED_FUNCTION = YES;
				GCC_WARN_UNUSED_VARIABLE = YES;
				IPHONEOS_DEPLOYMENT_TARGET = 17.2;
				LOCALIZATION_PREFERS_STRING_CATALOGS = YES;
				MTL_ENABLE_DEBUG_INFO = INCLUDE_SOURCE;
				MTL_FAST_MATH = YES;
				ONLY_ACTIVE_ARCH = YES;
				SDKROOT = iphoneos;
				SWIFT_ACTIVE_COMPILATION_CONDITIONS = "DEBUG $(inherited)";
				SWIFT_OPTIMIZATION_LEVEL = "-Onone";
			};
			name = Debug;
		};
		31945D822BE3680A00689F3A /* Release */ = {
			isa = XCBuildConfiguration;
			buildSettings = {
				ALWAYS_SEARCH_USER_PATHS = NO;
				ASSETCATALOG_COMPILER_GENERATE_SWIFT_ASSET_SYMBOL_EXTENSIONS = YES;
				CLANG_ANALYZER_NONNULL = YES;
				CLANG_ANALYZER_NUMBER_OBJECT_CONVERSION = YES_AGGRESSIVE;
				CLANG_CXX_LANGUAGE_STANDARD = "gnu++20";
				CLANG_ENABLE_MODULES = YES;
				CLANG_ENABLE_OBJC_ARC = YES;
				CLANG_ENABLE_OBJC_WEAK = YES;
				CLANG_WARN_BLOCK_CAPTURE_AUTORELEASING = YES;
				CLANG_WARN_BOOL_CONVERSION = YES;
				CLANG_WARN_COMMA = YES;
				CLANG_WARN_CONSTANT_CONVERSION = YES;
				CLANG_WARN_DEPRECATED_OBJC_IMPLEMENTATIONS = YES;
				CLANG_WARN_DIRECT_OBJC_ISA_USAGE = YES_ERROR;
				CLANG_WARN_DOCUMENTATION_COMMENTS = YES;
				CLANG_WARN_EMPTY_BODY = YES;
				CLANG_WARN_ENUM_CONVERSION = YES;
				CLANG_WARN_INFINITE_RECURSION = YES;
				CLANG_WARN_INT_CONVERSION = YES;
				CLANG_WARN_NON_LITERAL_NULL_CONVERSION = YES;
				CLANG_WARN_OBJC_IMPLICIT_RETAIN_SELF = YES;
				CLANG_WARN_OBJC_LITERAL_CONVERSION = YES;
				CLANG_WARN_OBJC_ROOT_CLASS = YES_ERROR;
				CLANG_WARN_QUOTED_INCLUDE_IN_FRAMEWORK_HEADER = YES;
				CLANG_WARN_RANGE_LOOP_ANALYSIS = YES;
				CLANG_WARN_STRICT_PROTOTYPES = YES;
				CLANG_WARN_SUSPICIOUS_MOVE = YES;
				CLANG_WARN_UNGUARDED_AVAILABILITY = YES_AGGRESSIVE;
				CLANG_WARN_UNREACHABLE_CODE = YES;
				CLANG_WARN__DUPLICATE_METHOD_MATCH = YES;
				COPY_PHASE_STRIP = NO;
				DEBUG_INFORMATION_FORMAT = "dwarf-with-dsym";
				ENABLE_NS_ASSERTIONS = NO;
				ENABLE_STRICT_OBJC_MSGSEND = YES;
				ENABLE_USER_SCRIPT_SANDBOXING = YES;
				GCC_C_LANGUAGE_STANDARD = gnu17;
				GCC_NO_COMMON_BLOCKS = YES;
				GCC_WARN_64_TO_32_BIT_CONVERSION = YES;
				GCC_WARN_ABOUT_RETURN_TYPE = YES_ERROR;
				GCC_WARN_UNDECLARED_SELECTOR = YES;
				GCC_WARN_UNINITIALIZED_AUTOS = YES_AGGRESSIVE;
				GCC_WARN_UNUSED_FUNCTION = YES;
				GCC_WARN_UNUSED_VARIABLE = YES;
				IPHONEOS_DEPLOYMENT_TARGET = 17.2;
				LOCALIZATION_PREFERS_STRING_CATALOGS = YES;
				MTL_ENABLE_DEBUG_INFO = NO;
				MTL_FAST_MATH = YES;
				SDKROOT = iphoneos;
				SWIFT_COMPILATION_MODE = wholemodule;
				VALIDATE_PRODUCT = YES;
			};
			name = Release;
		};
		31945D842BE3680A00689F3A /* Debug */ = {
			isa = XCBuildConfiguration;
			buildSettings = {
				ASSETCATALOG_COMPILER_APPICON_NAME = AppIcon;
				ASSETCATALOG_COMPILER_GLOBAL_ACCENT_COLOR_NAME = AccentColor;
				CODE_SIGN_STYLE = Automatic;
				CURRENT_PROJECT_VERSION = 1;
				DEVELOPMENT_ASSET_PATHS = "\"WeatherApp/Preview Content\"";
				DEVELOPMENT_TEAM = 2ZSVG66847;
				ENABLE_PREVIEWS = YES;
				GENERATE_INFOPLIST_FILE = YES;
				INFOPLIST_KEY_UIApplicationSceneManifest_Generation = YES;
				INFOPLIST_KEY_UIApplicationSupportsIndirectInputEvents = YES;
				INFOPLIST_KEY_UILaunchScreen_Generation = YES;
				INFOPLIST_KEY_UISupportedInterfaceOrientations_iPad = "UIInterfaceOrientationPortrait UIInterfaceOrientationPortraitUpsideDown UIInterfaceOrientationLandscapeLeft UIInterfaceOrientationLandscapeRight";
				INFOPLIST_KEY_UISupportedInterfaceOrientations_iPhone = "UIInterfaceOrientationPortrait UIInterfaceOrientationLandscapeLeft UIInterfaceOrientationLandscapeRight";
				LD_RUNPATH_SEARCH_PATHS = (
					"$(inherited)",
					"@executable_path/Frameworks",
				);
				MARKETING_VERSION = 1.0;
				PRODUCT_BUNDLE_IDENTIFIER = me.proft.WeatherApp;
				PRODUCT_NAME = "$(TARGET_NAME)";
				SWIFT_EMIT_LOC_STRINGS = YES;
				SWIFT_VERSION = 5.0;
				TARGETED_DEVICE_FAMILY = "1,2";
			};
			name = Debug;
		};
		31945D852BE3680A00689F3A /* Release */ = {
			isa = XCBuildConfiguration;
			buildSettings = {
				ASSETCATALOG_COMPILER_APPICON_NAME = AppIcon;
				ASSETCATALOG_COMPILER_GLOBAL_ACCENT_COLOR_NAME = AccentColor;
				CODE_SIGN_STYLE = Automatic;
				CURRENT_PROJECT_VERSION = 1;
				DEVELOPMENT_ASSET_PATHS = "\"WeatherApp/Preview Content\"";
				DEVELOPMENT_TEAM = 2ZSVG66847;
				ENABLE_PREVIEWS = YES;
				GENERATE_INFOPLIST_FILE = YES;
				INFOPLIST_KEY_UIApplicationSceneManifest_Generation = YES;
				INFOPLIST_KEY_UIApplicationSupportsIndirectInputEvents = YES;
				INFOPLIST_KEY_UILaunchScreen_Generation = YES;
				INFOPLIST_KEY_UISupportedInterfaceOrientations_iPad = "UIInterfaceOrientationPortrait UIInterfaceOrientationPortraitUpsideDown UIInterfaceOrientationLandscapeLeft UIInterfaceOrientationLandscapeRight";
				INFOPLIST_KEY_UISupportedInterfaceOrientations_iPhone = "UIInterfaceOrientationPortrait UIInterfaceOrientationLandscapeLeft UIInterfaceOrientationLandscapeRight";
				LD_RUNPATH_SEARCH_PATHS = (
					"$(inherited)",
					"@executable_path/Frameworks",
				);
				MARKETING_VERSION = 1.0;
				PRODUCT_BUNDLE_IDENTIFIER = me.proft.WeatherApp;
				PRODUCT_NAME = "$(TARGET_NAME)";
				SWIFT_EMIT_LOC_STRINGS = YES;
				SWIFT_VERSION = 5.0;
				TARGETED_DEVICE_FAMILY = "1,2";
			};
			name = Release;
		};
/* End XCBuildConfiguration section */

/* Begin XCConfigurationList section */
		31945D702BE3680900689F3A /* Build configuration list for PBXProject "WeatherApp" */ = {
			isa = XCConfigurationList;
			buildConfigurations = (
				31945D812BE3680A00689F3A /* Debug */,
				31945D822BE3680A00689F3A /* Release */,
			);
			defaultConfigurationIsVisible = 0;
			defaultConfigurationName = Release;
		};
		31945D832BE3680A00689F3A /* Build configuration list for PBXNativeTarget "WeatherApp" */ = {
			isa = XCConfigurationList;
			buildConfigurations = (
				31945D842BE3680A00689F3A /* Debug */,
				31945D852BE3680A00689F3A /* Release */,
			);
			defaultConfigurationIsVisible = 0;
			defaultConfigurationName = Release;
		};
/* End XCConfigurationList section */
	};
	rootObject = 31945D6D2BE3680900689F3A /* Project object */;
}
